
Microsoft Visual Studio Solution File, Format Version 12.00
# Visual Studio Version 16
VisualStudioVersion = 16.0.31613.86
MinimumVisualStudioVersion = 10.0.40219.1
Project("{8BC9CEB8-8B4A-11D0-8D11-00A0C91BC942}") = "UML", "UML\UML.vcxproj", "{4D858169-6698-4810-8370-81690AFAEF32}"
EndProject
Project("{8BC9CEB8-8B4A-11D0-8D11-00A0C91BC942}") = "Car", "Car\Car.vcxproj", "{FB884B96-DDDC-40B8-BA06-AAAD7F0F161D}"
EndProject
Project("{8BC9CEB8-8B4A-11D0-8D11-00A0C91BC942}") = "Car2.0", "Car2.0\Car2.0.vcxproj", "{690D6104-D6E6-4CBC-A009-34B3F5F47FAF}"
EndProject
Project("{8BC9CEB8-8B4A-11D0-8D11-00A0C91BC942}") = "Threads", "Threads\Threads.vcxproj", "{4EC82673-CA0E-4F29-83A9-949CE6CF962A}"
EndProject
Project("{8BC9CEB8-8B4A-11D0-8D11-00A0C91BC942}") = "WinApi2", "WinApi2\WinApi2.vcxproj", "{B4FBF844-CB90-4A36-B3D7-F96B44636EB2}"
EndProject
Project("{8BC9CEB8-8B4A-11D0-8D11-00A0C91BC942}") = "MainWindow", "MainWindow\MainWindow.vcxproj", "{D7F12BC0-C55C-4B9F-B753-98FD5B316E63}"
EndProject
Global
	GlobalSection(SolutionConfigurationPlatforms) = preSolution
		Debug|x64 = Debug|x64
		Debug|x86 = Debug|x86
		Release|x64 = Release|x64
		Release|x86 = Release|x86
	EndGlobalSection
	GlobalSection(ProjectConfigurationPlatforms) = postSolution
		{4D858169-6698-4810-8370-81690AFAEF32}.Debug|x64.ActiveCfg = Debug|x64
		{4D858169-6698-4810-8370-81690AFAEF32}.Debug|x64.Build.0 = Debug|x64
		{4D858169-6698-4810-8370-81690AFAEF32}.Debug|x86.ActiveCfg = Debug|Win32
		{4D858169-6698-4810-8370-81690AFAEF32}.Debug|x86.Build.0 = Debug|Win32
		{4D858169-6698-4810-8370-81690AFAEF32}.Release|x64.ActiveCfg = Release|x64
		{4D858169-6698-4810-8370-81690AFAEF32}.Release|x64.Build.0 = Release|x64
		{4D858169-6698-4810-8370-81690AFAEF32}.Release|x86.ActiveCfg = Release|Win32
		{4D858169-6698-4810-8370-81690AFAEF32}.Release|x86.Build.0 = Release|Win32
		{FB884B96-DDDC-40B8-BA06-AAAD7F0F161D}.Debug|x64.ActiveCfg = Debug|x64
		{FB884B96-DDDC-40B8-BA06-AAAD7F0F161D}.Debug|x64.Build.0 = Debug|x64
		{FB884B96-DDDC-40B8-BA06-AAAD7F0F161D}.Debug|x86.ActiveCfg = Debug|Win32
		{FB884B96-DDDC-40B8-BA06-AAAD7F0F161D}.Debug|x86.Build.0 = Debug|Win32
		{FB884B96-DDDC-40B8-BA06-AAAD7F0F161D}.Release|x64.ActiveCfg = Release|x64
		{FB884B96-DDDC-40B8-BA06-AAAD7F0F161D}.Release|x64.Build.0 = Release|x64
		{FB884B96-DDDC-40B8-BA06-AAAD7F0F161D}.Release|x86.ActiveCfg = Release|Win32
		{FB884B96-DDDC-40B8-BA06-AAAD7F0F161D}.Release|x86.Build.0 = Release|Win32
		{690D6104-D6E6-4CBC-A009-34B3F5F47FAF}.Debug|x64.ActiveCfg = Debug|x64
		{690D6104-D6E6-4CBC-A009-34B3F5F47FAF}.Debug|x64.Build.0 = Debug|x64
		{690D6104-D6E6-4CBC-A009-34B3F5F47FAF}.Debug|x86.ActiveCfg = Debug|Win32
		{690D6104-D6E6-4CBC-A009-34B3F5F47FAF}.Debug|x86.Build.0 = Debug|Win32
		{690D6104-D6E6-4CBC-A009-34B3F5F47FAF}.Release|x64.ActiveCfg = Release|x64
		{690D6104-D6E6-4CBC-A009-34B3F5F47FAF}.Release|x64.Build.0 = Release|x64
		{690D6104-D6E6-4CBC-A009-34B3F5F47FAF}.Release|x86.ActiveCfg = Release|Win32
		{690D6104-D6E6-4CBC-A009-34B3F5F47FAF}.Release|x86.Build.0 = Release|Win32
		{4EC82673-CA0E-4F29-83A9-949CE6CF962A}.Debug|x64.ActiveCfg = Debug|x64
		{4EC82673-CA0E-4F29-83A9-949CE6CF962A}.Debug|x64.Build.0 = Debug|x64
		{4EC82673-CA0E-4F29-83A9-949CE6CF962A}.Debug|x86.ActiveCfg = Debug|Win32
		{4EC82673-CA0E-4F29-83A9-949CE6CF962A}.Debug|x86.Build.0 = Debug|Win32
		{4EC82673-CA0E-4F29-83A9-949CE6CF962A}.Release|x64.ActiveCfg = Release|x64
		{4EC82673-CA0E-4F29-83A9-949CE6CF962A}.Release|x64.Build.0 = Release|x64
		{4EC82673-CA0E-4F29-83A9-949CE6CF962A}.Release|x86.ActiveCfg = Release|Win32
		{4EC82673-CA0E-4F29-83A9-949CE6CF962A}.Release|x86.Build.0 = Release|Win32
		{B4FBF844-CB90-4A36-B3D7-F96B44636EB2}.Debug|x64.ActiveCfg = Debug|x64
		{B4FBF844-CB90-4A36-B3D7-F96B44636EB2}.Debug|x64.Build.0 = Debug|x64
		{B4FBF844-CB90-4A36-B3D7-F96B44636EB2}.Debug|x86.ActiveCfg = Debug|Win32
		{B4FBF844-CB90-4A36-B3D7-F96B44636EB2}.Debug|x86.Build.0 = Debug|Win32
		{B4FBF844-CB90-4A36-B3D7-F96B44636EB2}.Release|x64.ActiveCfg = Release|x64
		{B4FBF844-CB90-4A36-B3D7-F96B44636EB2}.Release|x64.Build.0 = Release|x64
		{B4FBF844-CB90-4A36-B3D7-F96B44636EB2}.Release|x86.ActiveCfg = Release|Win32
		{B4FBF844-CB90-4A36-B3D7-F96B44636EB2}.Release|x86.Build.0 = Release|Win32
		{D7F12BC0-C55C-4B9F-B753-98FD5B316E63}.Debug|x64.ActiveCfg = Debug|x64
		{D7F12BC0-C55C-4B9F-B753-98FD5B316E63}.Debug|x64.Build.0 = Debug|x64
		{D7F12BC0-C55C-4B9F-B753-98FD5B316E63}.Debug|x86.ActiveCfg = Debug|Win32
		{D7F12BC0-C55C-4B9F-B753-98FD5B316E63}.Debug|x86.Build.0 = Debug|Win32
		{D7F12BC0-C55C-4B9F-B753-98FD5B316E63}.Release|x64.ActiveCfg = Release|x64
		{D7F12BC0-C55C-4B9F-B753-98FD5B316E63}.Release|x64.Build.0 = Release|x64
		{D7F12BC0-C55C-4B9F-B753-98FD5B316E63}.Release|x86.ActiveCfg = Release|Win32
		{D7F12BC0-C55C-4B9F-B753-98FD5B316E63}.Release|x86.Build.0 = Release|Win32
	EndGlobalSection
	GlobalSection(SolutionProperties) = preSolution
		HideSolutionNode = FALSE
	EndGlobalSection
	GlobalSection(ExtensibilityGlobals) = postSolution
		SolutionGuid = {0192F1D3-7380-407D-811A-FDCC64A24E13}
	EndGlobalSection
EndGlobal
